// !$*UTF8*$!
{
	archiveVersion = 1;
	classes = {
	};
	objectVersion = 55;
	objects = {

/* Begin PBXBuildFile section */
		2032B35B9B635264266830E0 /* Pods_AdaApa.framework in Frameworks */ = {isa = PBXBuildFile; fileRef = 4CB4B9317066257EB689AAEC /* Pods_AdaApa.framework */; };
		BA572247289622DD00652E7B /* BaseNewsViewController.swift in Sources */ = {isa = PBXBuildFile; fileRef = BA572246289622DD00652E7B /* BaseNewsViewController.swift */; };
		BA57224C2896405B00652E7B /* ArticleModel.swift in Sources */ = {isa = PBXBuildFile; fileRef = BA57224B2896405B00652E7B /* ArticleModel.swift */; };
		BA57224E289640A300652E7B /* ArticleFetch.swift in Sources */ = {isa = PBXBuildFile; fileRef = BA57224D289640A300652E7B /* ArticleFetch.swift */; };
		BA8C71A92892BBC00010F61C /* LocalNewsViewController.swift in Sources */ = {isa = PBXBuildFile; fileRef = BA8C71A82892BBC00010F61C /* LocalNewsViewController.swift */; };
		BA8C71AB2892BBE20010F61C /* TabBarController.swift in Sources */ = {isa = PBXBuildFile; fileRef = BA8C71AA2892BBE20010F61C /* TabBarController.swift */; };
		BA8C71AD2892BC0E0010F61C /* DetailViewController.swift in Sources */ = {isa = PBXBuildFile; fileRef = BA8C71AC2892BC0E0010F61C /* DetailViewController.swift */; };
		BA8C71AF2892BC400010F61C /* ProfileViewController.swift in Sources */ = {isa = PBXBuildFile; fileRef = BA8C71AE2892BC400010F61C /* ProfileViewController.swift */; };
		BA8C71B22892BC580010F61C /* NewsTableViewCell.swift in Sources */ = {isa = PBXBuildFile; fileRef = BA8C71B02892BC580010F61C /* NewsTableViewCell.swift */; };
		BA8C71B32892BC580010F61C /* NewsTableViewCell.xib in Resources */ = {isa = PBXBuildFile; fileRef = BA8C71B12892BC580010F61C /* NewsTableViewCell.xib */; };
		BA8C71B52892C12C0010F61C /* GlobalNewsViewController.swift in Sources */ = {isa = PBXBuildFile; fileRef = BA8C71B42892C12C0010F61C /* GlobalNewsViewController.swift */; };
		BABE1C18289247070094A55E /* AppDelegate.swift in Sources */ = {isa = PBXBuildFile; fileRef = BABE1C17289247070094A55E /* AppDelegate.swift */; };
		BABE1C1A289247070094A55E /* SceneDelegate.swift in Sources */ = {isa = PBXBuildFile; fileRef = BABE1C19289247070094A55E /* SceneDelegate.swift */; };
		BABE1C21289247090094A55E /* Assets.xcassets in Resources */ = {isa = PBXBuildFile; fileRef = BABE1C20289247090094A55E /* Assets.xcassets */; };
		BABE1C24289247090094A55E /* LaunchScreen.storyboard in Resources */ = {isa = PBXBuildFile; fileRef = BABE1C22289247090094A55E /* LaunchScreen.storyboard */; };
/* End PBXBuildFile section */

/* Begin PBXFileReference section */
		4CB4B9317066257EB689AAEC /* Pods_AdaApa.framework */ = {isa = PBXFileReference; explicitFileType = wrapper.framework; includeInIndex = 0; path = Pods_AdaApa.framework; sourceTree = BUILT_PRODUCTS_DIR; };
		63DD99CDBC712D1E0F9274F3 /* Pods-AdaApa.debug.xcconfig */ = {isa = PBXFileReference; includeInIndex = 1; lastKnownFileType = text.xcconfig; name = "Pods-AdaApa.debug.xcconfig"; path = "Target Support Files/Pods-AdaApa/Pods-AdaApa.debug.xcconfig"; sourceTree = "<group>"; };
		BA572246289622DD00652E7B /* BaseNewsViewController.swift */ = {isa = PBXFileReference; lastKnownFileType = sourcecode.swift; path = BaseNewsViewController.swift; sourceTree = "<group>"; };
		BA57224B2896405B00652E7B /* ArticleModel.swift */ = {isa = PBXFileReference; lastKnownFileType = sourcecode.swift; path = ArticleModel.swift; sourceTree = "<group>"; };
		BA57224D289640A300652E7B /* ArticleFetch.swift */ = {isa = PBXFileReference; lastKnownFileType = sourcecode.swift; path = ArticleFetch.swift; sourceTree = "<group>"; };
		BA8C71A82892BBC00010F61C /* LocalNewsViewController.swift */ = {isa = PBXFileReference; lastKnownFileType = sourcecode.swift; path = LocalNewsViewController.swift; sourceTree = "<group>"; };
		BA8C71AA2892BBE20010F61C /* TabBarController.swift */ = {isa = PBXFileReference; lastKnownFileType = sourcecode.swift; path = TabBarController.swift; sourceTree = "<group>"; };
		BA8C71AC2892BC0E0010F61C /* DetailViewController.swift */ = {isa = PBXFileReference; lastKnownFileType = sourcecode.swift; path = DetailViewController.swift; sourceTree = "<group>"; };
		BA8C71AE2892BC400010F61C /* ProfileViewController.swift */ = {isa = PBXFileReference; lastKnownFileType = sourcecode.swift; path = ProfileViewController.swift; sourceTree = "<group>"; };
		BA8C71B02892BC580010F61C /* NewsTableViewCell.swift */ = {isa = PBXFileReference; lastKnownFileType = sourcecode.swift; path = NewsTableViewCell.swift; sourceTree = "<group>"; };
		BA8C71B12892BC580010F61C /* NewsTableViewCell.xib */ = {isa = PBXFileReference; lastKnownFileType = file.xib; path = NewsTableViewCell.xib; sourceTree = "<group>"; };
		BA8C71B42892C12C0010F61C /* GlobalNewsViewController.swift */ = {isa = PBXFileReference; lastKnownFileType = sourcecode.swift; path = GlobalNewsViewController.swift; sourceTree = "<group>"; };
		BABE1C14289247070094A55E /* AdaApa.app */ = {isa = PBXFileReference; explicitFileType = wrapper.application; includeInIndex = 0; path = AdaApa.app; sourceTree = BUILT_PRODUCTS_DIR; };
		BABE1C17289247070094A55E /* AppDelegate.swift */ = {isa = PBXFileReference; lastKnownFileType = sourcecode.swift; path = AppDelegate.swift; sourceTree = "<group>"; };
		BABE1C19289247070094A55E /* SceneDelegate.swift */ = {isa = PBXFileReference; lastKnownFileType = sourcecode.swift; path = SceneDelegate.swift; sourceTree = "<group>"; };
		BABE1C20289247090094A55E /* Assets.xcassets */ = {isa = PBXFileReference; lastKnownFileType = folder.assetcatalog; path = Assets.xcassets; sourceTree = "<group>"; };
		BABE1C23289247090094A55E /* Base */ = {isa = PBXFileReference; lastKnownFileType = file.storyboard; name = Base; path = Base.lproj/LaunchScreen.storyboard; sourceTree = "<group>"; };
		BABE1C25289247090094A55E /* Info.plist */ = {isa = PBXFileReference; lastKnownFileType = text.plist.xml; path = Info.plist; sourceTree = "<group>"; };
		FB9C955601D2A5DA082F6ED7 /* Pods-AdaApa.release.xcconfig */ = {isa = PBXFileReference; includeInIndex = 1; lastKnownFileType = text.xcconfig; name = "Pods-AdaApa.release.xcconfig"; path = "Target Support Files/Pods-AdaApa/Pods-AdaApa.release.xcconfig"; sourceTree = "<group>"; };
/* End PBXFileReference section */

/* Begin PBXFrameworksBuildPhase section */
		BABE1C11289247070094A55E /* Frameworks */ = {
			isa = PBXFrameworksBuildPhase;
			buildActionMask = 2147483647;
			files = (
				2032B35B9B635264266830E0 /* Pods_AdaApa.framework in Frameworks */,
			);
			runOnlyForDeploymentPostprocessing = 0;
		};
/* End PBXFrameworksBuildPhase section */

/* Begin PBXGroup section */
		BABE1C0B289247070094A55E = {
			isa = PBXGroup;
			children = (
				BABE1C16289247070094A55E /* AdaApa */,
				BABE1C15289247070094A55E /* Products */,
				BF8F6FEAD904484D849F752B /* Pods */,
				EB9550E64277147D902B11A5 /* Frameworks */,
			);
			sourceTree = "<group>";
		};
		BABE1C15289247070094A55E /* Products */ = {
			isa = PBXGroup;
			children = (
				BABE1C14289247070094A55E /* AdaApa.app */,
			);
			name = Products;
			sourceTree = "<group>";
		};
		BABE1C16289247070094A55E /* AdaApa */ = {
			isa = PBXGroup;
			children = (
				BABE1C17289247070094A55E /* AppDelegate.swift */,
				BABE1C19289247070094A55E /* SceneDelegate.swift */,
				BABE1C2D28924BED0094A55E /* Provider */,
				BABE1C2C289248A40094A55E /* Model */,
				BABE1C2B2892488B0094A55E /* View */,
				BABE1C20289247090094A55E /* Assets.xcassets */,
				BABE1C22289247090094A55E /* LaunchScreen.storyboard */,
				BABE1C25289247090094A55E /* Info.plist */,
			);
			path = AdaApa;
			sourceTree = "<group>";
		};
		BABE1C2B2892488B0094A55E /* View */ = {
			isa = PBXGroup;
			children = (
				BA8C71A82892BBC00010F61C /* LocalNewsViewController.swift */,
				BA8C71AA2892BBE20010F61C /* TabBarController.swift */,
				BA8C71AC2892BC0E0010F61C /* DetailViewController.swift */,
				BA8C71AE2892BC400010F61C /* ProfileViewController.swift */,
				BA8C71B02892BC580010F61C /* NewsTableViewCell.swift */,
				BA8C71B12892BC580010F61C /* NewsTableViewCell.xib */,
				BA8C71B42892C12C0010F61C /* GlobalNewsViewController.swift */,
				BA572246289622DD00652E7B /* BaseNewsViewController.swift */,
			);
			path = View;
			sourceTree = "<group>";
		};
		BABE1C2C289248A40094A55E /* Model */ = {
			isa = PBXGroup;
			children = (
				BA57224B2896405B00652E7B /* ArticleModel.swift */,
			);
			path = Model;
			sourceTree = "<group>";
		};
		BABE1C2D28924BED0094A55E /* Provider */ = {
			isa = PBXGroup;
			children = (
				BA57224D289640A300652E7B /* ArticleFetch.swift */,
			);
			path = Provider;
			sourceTree = "<group>";
		};
		BF8F6FEAD904484D849F752B /* Pods */ = {
			isa = PBXGroup;
			children = (
				63DD99CDBC712D1E0F9274F3 /* Pods-AdaApa.debug.xcconfig */,
				FB9C955601D2A5DA082F6ED7 /* Pods-AdaApa.release.xcconfig */,
			);
			path = Pods;
			sourceTree = "<group>";
		};
		EB9550E64277147D902B11A5 /* Frameworks */ = {
			isa = PBXGroup;
			children = (
				4CB4B9317066257EB689AAEC /* Pods_AdaApa.framework */,
			);
			name = Frameworks;
			sourceTree = "<group>";
		};
/* End PBXGroup section */

/* Begin PBXNativeTarget section */
		BABE1C13289247070094A55E /* AdaApa */ = {
			isa = PBXNativeTarget;
			buildConfigurationList = BABE1C28289247090094A55E /* Build configuration list for PBXNativeTarget "AdaApa" */;
			buildPhases = (
				E0B88CE6E34074CBA99EDFFD /* [CP] Check Pods Manifest.lock */,
				BABE1C10289247070094A55E /* Sources */,
				BABE1C11289247070094A55E /* Frameworks */,
				BABE1C12289247070094A55E /* Resources */,
				97EC1647E09F775EB967E17E /* [CP] Embed Pods Frameworks */,
			);
			buildRules = (
			);
			dependencies = (
			);
			name = AdaApa;
			productName = AdaApa;
			productReference = BABE1C14289247070094A55E /* AdaApa.app */;
			productType = "com.apple.product-type.application";
		};
/* End PBXNativeTarget section */

/* Begin PBXProject section */
		BABE1C0C289247070094A55E /* Project object */ = {
			isa = PBXProject;
			attributes = {
				BuildIndependentTargetsInParallel = 1;
				LastSwiftUpdateCheck = 1340;
				LastUpgradeCheck = 1340;
				TargetAttributes = {
					BABE1C13289247070094A55E = {
						CreatedOnToolsVersion = 13.4.1;
					};
				};
			};
			buildConfigurationList = BABE1C0F289247070094A55E /* Build configuration list for PBXProject "AdaApa" */;
			compatibilityVersion = "Xcode 13.0";
			developmentRegion = en;
			hasScannedForEncodings = 0;
			knownRegions = (
				en,
				Base,
			);
			mainGroup = BABE1C0B289247070094A55E;
			productRefGroup = BABE1C15289247070094A55E /* Products */;
			projectDirPath = "";
			projectRoot = "";
			targets = (
				BABE1C13289247070094A55E /* AdaApa */,
			);
		};
/* End PBXProject section */

/* Begin PBXResourcesBuildPhase section */
		BABE1C12289247070094A55E /* Resources */ = {
			isa = PBXResourcesBuildPhase;
			buildActionMask = 2147483647;
			files = (
				BABE1C24289247090094A55E /* LaunchScreen.storyboard in Resources */,
				BABE1C21289247090094A55E /* Assets.xcassets in Resources */,
				BA8C71B32892BC580010F61C /* NewsTableViewCell.xib in Resources */,
			);
			runOnlyForDeploymentPostprocessing = 0;
		};
/* End PBXResourcesBuildPhase section */

/* Begin PBXShellScriptBuildPhase section */
		97EC1647E09F775EB967E17E /* [CP] Embed Pods Frameworks */ = {
			isa = PBXShellScriptBuildPhase;
			buildActionMask = 2147483647;
			files = (
			);
			inputFileListPaths = (
				"${PODS_ROOT}/Target Support Files/Pods-AdaApa/Pods-AdaApa-frameworks-${CONFIGURATION}-input-files.xcfilelist",
			);
			name = "[CP] Embed Pods Frameworks";
			outputFileListPaths = (
				"${PODS_ROOT}/Target Support Files/Pods-AdaApa/Pods-AdaApa-frameworks-${CONFIGURATION}-output-files.xcfilelist",
			);
			runOnlyForDeploymentPostprocessing = 0;
			shellPath = /bin/sh;
			shellScript = "\"${PODS_ROOT}/Target Support Files/Pods-AdaApa/Pods-AdaApa-frameworks.sh\"\n";
			showEnvVarsInLog = 0;
		};
		E0B88CE6E34074CBA99EDFFD /* [CP] Check Pods Manifest.lock */ = {
			isa = PBXShellScriptBuildPhase;
			buildActionMask = 2147483647;
			files = (
			);
			inputFileListPaths = (
			);
			inputPaths = (
				"${PODS_PODFILE_DIR_PATH}/Podfile.lock",
				"${PODS_ROOT}/Manifest.lock",
			);
			name = "[CP] Check Pods Manifest.lock";
			outputFileListPaths = (
			);
			outputPaths = (
				"$(DERIVED_FILE_DIR)/Pods-AdaApa-checkManifestLockResult.txt",
			);
			runOnlyForDeploymentPostprocessing = 0;
			shellPath = /bin/sh;
			shellScript = "diff \"${PODS_PODFILE_DIR_PATH}/Podfile.lock\" \"${PODS_ROOT}/Manifest.lock\" > /dev/null\nif [ $? != 0 ] ; then\n    # print error to STDERR\n    echo \"error: The sandbox is not in sync with the Podfile.lock. Run 'pod install' or update your CocoaPods installation.\" >&2\n    exit 1\nfi\n# This output is used by Xcode 'outputs' to avoid re-running this script phase.\necho \"SUCCESS\" > \"${SCRIPT_OUTPUT_FILE_0}\"\n";
			showEnvVarsInLog = 0;
		};
/* End PBXShellScriptBuildPhase section */

/* Begin PBXSourcesBuildPhase section */
		BABE1C10289247070094A55E /* Sources */ = {
			isa = PBXSourcesBuildPhase;
			buildActionMask = 2147483647;
			files = (
				BA57224E289640A300652E7B /* ArticleFetch.swift in Sources */,
				BA572247289622DD00652E7B /* BaseNewsViewController.swift in Sources */,
				BA8C71AF2892BC400010F61C /* ProfileViewController.swift in Sources */,
				BA8C71B22892BC580010F61C /* NewsTableViewCell.swift in Sources */,
				BA8C71A92892BBC00010F61C /* LocalNewsViewController.swift in Sources */,
				BA8C71AB2892BBE20010F61C /* TabBarController.swift in Sources */,
				BA8C71AD2892BC0E0010F61C /* DetailViewController.swift in Sources */,
				BA57224C2896405B00652E7B /* ArticleModel.swift in Sources */,
				BABE1C18289247070094A55E /* AppDelegate.swift in Sources */,
				BA8C71B52892C12C0010F61C /* GlobalNewsViewController.swift in Sources */,
				BABE1C1A289247070094A55E /* SceneDelegate.swift in Sources */,
			);
			runOnlyForDeploymentPostprocessing = 0;
		};
/* End PBXSourcesBuildPhase section */

/* Begin PBXVariantGroup section */
		BABE1C22289247090094A55E /* LaunchScreen.storyboard */ = {
			isa = PBXVariantGroup;
			children = (
				BABE1C23289247090094A55E /* Base */,
			);
			name = LaunchScreen.storyboard;
			sourceTree = "<group>";
		};
/* End PBXVariantGroup section */

/* Begin XCBuildConfiguration section */
		BABE1C26289247090094A55E /* Debug */ = {
			isa = XCBuildConfiguration;
			buildSettings = {
				ALWAYS_SEARCH_USER_PATHS = NO;
				CLANG_ANALYZER_NONNULL = YES;
				CLANG_ANALYZER_NUMBER_OBJECT_CONVERSION = YES_AGGRESSIVE;
				CLANG_CXX_LANGUAGE_STANDARD = "gnu++17";
				CLANG_ENABLE_MODULES = YES;
				CLANG_ENABLE_OBJC_ARC = YES;
				CLANG_ENABLE_OBJC_WEAK = YES;
				CLANG_WARN_BLOCK_CAPTURE_AUTORELEASING = YES;
				CLANG_WARN_BOOL_CONVERSION = YES;
				CLANG_WARN_COMMA = YES;
				CLANG_WARN_CONSTANT_CONVERSION = YES;
				CLANG_WARN_DEPRECATED_OBJC_IMPLEMENTATIONS = YES;
				CLANG_WARN_DIRECT_OBJC_ISA_USAGE = YES_ERROR;
				CLANG_WARN_DOCUMENTATION_COMMENTS = YES;
				CLANG_WARN_EMPTY_BODY = YES;
				CLANG_WARN_ENUM_CONVERSION = YES;
				CLANG_WARN_INFINITE_RECURSION = YES;
				CLANG_WARN_INT_CONVERSION = YES;
				CLANG_WARN_NON_LITERAL_NULL_CONVERSION = YES;
				CLANG_WARN_OBJC_IMPLICIT_RETAIN_SELF = YES;
				CLANG_WARN_OBJC_LITERAL_CONVERSION = YES;
				CLANG_WARN_OBJC_ROOT_CLASS = YES_ERROR;
				CLANG_WARN_QUOTED_INCLUDE_IN_FRAMEWORK_HEADER = YES;
				CLANG_WARN_RANGE_LOOP_ANALYSIS = YES;
				CLANG_WARN_STRICT_PROTOTYPES = YES;
				CLANG_WARN_SUSPICIOUS_MOVE = YES;
				CLANG_WARN_UNGUARDED_AVAILABILITY = YES_AGGRESSIVE;
				CLANG_WARN_UNREACHABLE_CODE = YES;
				CLANG_WARN__DUPLICATE_METHOD_MATCH = YES;
				COPY_PHASE_STRIP = NO;
				DEBUG_INFORMATION_FORMAT = dwarf;
				ENABLE_STRICT_OBJC_MSGSEND = YES;
				ENABLE_TESTABILITY = YES;
				GCC_C_LANGUAGE_STANDARD = gnu11;
				GCC_DYNAMIC_NO_PIC = NO;
				GCC_NO_COMMON_BLOCKS = YES;
				GCC_OPTIMIZATION_LEVEL = 0;
				GCC_PREPROCESSOR_DEFINITIONS = (
					"DEBUG=1",
					"$(inherited)",
				);
				GCC_WARN_64_TO_32_BIT_CONVERSION = YES;
				GCC_WARN_ABOUT_RETURN_TYPE = YES_ERROR;
				GCC_WARN_UNDECLARED_SELECTOR = YES;
				GCC_WARN_UNINITIALIZED_AUTOS = YES_AGGRESSIVE;
				GCC_WARN_UNUSED_FUNCTION = YES;
				GCC_WARN_UNUSED_VARIABLE = YES;
				IPHONEOS_DEPLOYMENT_TARGET = 15.5;
				MTL_ENABLE_DEBUG_INFO = INCLUDE_SOURCE;
				MTL_FAST_MATH = YES;
				ONLY_ACTIVE_ARCH = YES;
				SDKROOT = iphoneos;
				SWIFT_ACTIVE_COMPILATION_CONDITIONS = DEBUG;
				SWIFT_OPTIMIZATION_LEVEL = "-Onone";
			};
			name = Debug;
		};
		BABE1C27289247090094A55E /* Release */ = {
			isa = XCBuildConfiguration;
			buildSettings = {
				ALWAYS_SEARCH_USER_PATHS = NO;
				CLANG_ANALYZER_NONNULL = YES;
				CLANG_ANALYZER_NUMBER_OBJECT_CONVERSION = YES_AGGRESSIVE;
				CLANG_CXX_LANGUAGE_STANDARD = "gnu++17";
				CLANG_ENABLE_MODULES = YES;
				CLANG_ENABLE_OBJC_ARC = YES;
				CLANG_ENABLE_OBJC_WEAK = YES;
				CLANG_WARN_BLOCK_CAPTURE_AUTORELEASING = YES;
				CLANG_WARN_BOOL_CONVERSION = YES;
				CLANG_WARN_COMMA = YES;
				CLANG_WARN_CONSTANT_CONVERSION = YES;
				CLANG_WARN_DEPRECATED_OBJC_IMPLEMENTATIONS = YES;
				CLANG_WARN_DIRECT_OBJC_ISA_USAGE = YES_ERROR;
				CLANG_WARN_DOCUMENTATION_COMMENTS = YES;
				CLANG_WARN_EMPTY_BODY = YES;
				CLANG_WARN_ENUM_CONVERSION = YES;
				CLANG_WARN_INFINITE_RECURSION = YES;
				CLANG_WARN_INT_CONVERSION = YES;
				CLANG_WARN_NON_LITERAL_NULL_CONVERSION = YES;
				CLANG_WARN_OBJC_IMPLICIT_RETAIN_SELF = YES;
				CLANG_WARN_OBJC_LITERAL_CONVERSION = YES;
				CLANG_WARN_OBJC_ROOT_CLASS = YES_ERROR;
				CLANG_WARN_QUOTED_INCLUDE_IN_FRAMEWORK_HEADER = YES;
				CLANG_WARN_RANGE_LOOP_ANALYSIS = YES;
				CLANG_WARN_STRICT_PROTOTYPES = YES;
				CLANG_WARN_SUSPICIOUS_MOVE = YES;
				CLANG_WARN_UNGUARDED_AVAILABILITY = YES_AGGRESSIVE;
				CLANG_WARN_UNREACHABLE_CODE = YES;
				CLANG_WARN__DUPLICATE_METHOD_MATCH = YES;
				COPY_PHASE_STRIP = NO;
				DEBUG_INFORMATION_FORMAT = "dwarf-with-dsym";
				ENABLE_NS_ASSERTIONS = NO;
				ENABLE_STRICT_OBJC_MSGSEND = YES;
				GCC_C_LANGUAGE_STANDARD = gnu11;
				GCC_NO_COMMON_BLOCKS = YES;
				GCC_WARN_64_TO_32_BIT_CONVERSION = YES;
				GCC_WARN_ABOUT_RETURN_TYPE = YES_ERROR;
				GCC_WARN_UNDECLARED_SELECTOR = YES;
				GCC_WARN_UNINITIALIZED_AUTOS = YES_AGGRESSIVE;
				GCC_WARN_UNUSED_FUNCTION = YES;
				GCC_WARN_UNUSED_VARIABLE = YES;
				IPHONEOS_DEPLOYMENT_TARGET = 15.5;
				MTL_ENABLE_DEBUG_INFO = NO;
				MTL_FAST_MATH = YES;
				SDKROOT = iphoneos;
				SWIFT_COMPILATION_MODE = wholemodule;
				SWIFT_OPTIMIZATION_LEVEL = "-O";
				VALIDATE_PRODUCT = YES;
			};
			name = Release;
		};
		BABE1C29289247090094A55E /* Debug */ = {
			isa = XCBuildConfiguration;
			baseConfigurationReference = 63DD99CDBC712D1E0F9274F3 /* Pods-AdaApa.debug.xcconfig */;
			buildSettings = {
				ASSETCATALOG_COMPILER_APPICON_NAME = AppIcon;
				ASSETCATALOG_COMPILER_GLOBAL_ACCENT_COLOR_NAME = AccentColor;
				CODE_SIGN_STYLE = Automatic;
				CURRENT_PROJECT_VERSION = 1;
				DEVELOPMENT_TEAM = N45R4T72F4;
				GENERATE_INFOPLIST_FILE = YES;
				INFOPLIST_FILE = AdaApa/Info.plist;
				INFOPLIST_KEY_CFBundleDisplayName = AdaApa;
				INFOPLIST_KEY_UIApplicationSupportsIndirectInputEvents = YES;
				INFOPLIST_KEY_UILaunchStoryboardName = LaunchScreen;
				INFOPLIST_KEY_UISupportedInterfaceOrientations_iPad = "UIInterfaceOrientationPortrait UIInterfaceOrientationPortraitUpsideDown UIInterfaceOrientationLandscapeLeft UIInterfaceOrientationLandscapeRight";
				INFOPLIST_KEY_UISupportedInterfaceOrientations_iPhone = "UIInterfaceOrientationPortrait UIInterfaceOrientationLandscapeLeft UIInterfaceOrientationLandscapeRight";
				LD_RUNPATH_SEARCH_PATHS = (
					"$(inherited)",
					"@executable_path/Frameworks",
				);
				MARKETING_VERSION = 1.0;
				PRODUCT_BUNDLE_IDENTIFIER = com.danianggara.www.AdaApa;
				PRODUCT_NAME = "$(TARGET_NAME)";
				SWIFT_EMIT_LOC_STRINGS = YES;
				SWIFT_VERSION = 5.0;
				TARGETED_DEVICE_FAMILY = "1,2";
			};
			name = Debug;
		};
		BABE1C2A289247090094A55E /* Release */ = {
			isa = XCBuildConfiguration;
			baseConfigurationReference = FB9C955601D2A5DA082F6ED7 /* Pods-AdaApa.release.xcconfig */;
			buildSettings = {
				ASSETCATALOG_COMPILER_APPICON_NAME = AppIcon;
				ASSETCATALOG_COMPILER_GLOBAL_ACCENT_COLOR_NAME = AccentColor;
				CODE_SIGN_STYLE = Automatic;
				CURRENT_PROJECT_VERSION = 1;
				DEVELOPMENT_TEAM = N45R4T72F4;
				GENERATE_INFOPLIST_FILE = YES;
				INFOPLIST_FILE = AdaApa/Info.plist;
				INFOPLIST_KEY_CFBundleDisplayName = AdaApa;
				INFOPLIST_KEY_UIApplicationSupportsIndirectInputEvents = YES;
				INFOPLIST_KEY_UILaunchStoryboardName = LaunchScreen;
				INFOPLIST_KEY_UISupportedInterfaceOrientations_iPad = "UIInterfaceOrientationPortrait UIInterfaceOrientationPortraitUpsideDown UIInterfaceOrientationLandscapeLeft UIInterfaceOrientationLandscapeRight";
				INFOPLIST_KEY_UISupportedInterfaceOrientations_iPhone = "UIInterfaceOrientationPortrait UIInterfaceOrientationLandscapeLeft UIInterfaceOrientationLandscapeRight";
				LD_RUNPATH_SEARCH_PATHS = (
					"$(inherited)",
					"@executable_path/Frameworks",
				);
				MARKETING_VERSION = 1.0;
				PRODUCT_BUNDLE_IDENTIFIER = com.danianggara.www.AdaApa;
				PRODUCT_NAME = "$(TARGET_NAME)";
				SWIFT_EMIT_LOC_STRINGS = YES;
				SWIFT_VERSION = 5.0;
				TARGETED_DEVICE_FAMILY = "1,2";
			};
			name = Release;
		};
/* End XCBuildConfiguration section */

/* Begin XCConfigurationList section */
		BABE1C0F289247070094A55E /* Build configuration list for PBXProject "AdaApa" */ = {
			isa = XCConfigurationList;
			buildConfigurations = (
				BABE1C26289247090094A55E /* Debug */,
				BABE1C27289247090094A55E /* Release */,
			);
			defaultConfigurationIsVisible = 0;
			defaultConfigurationName = Release;
		};
		BABE1C28289247090094A55E /* Build configuration list for PBXNativeTarget "AdaApa" */ = {
			isa = XCConfigurationList;
			buildConfigurations = (
				BABE1C29289247090094A55E /* Debug */,
				BABE1C2A289247090094A55E /* Release */,
			);
			defaultConfigurationIsVisible = 0;
			defaultConfigurationName = Release;
		};
/* End XCConfigurationList section */
	};
	rootObject = BABE1C0C289247070094A55E /* Project object */;
}
